
Microsoft Visual Studio Solution File, Format Version 12.00
# Visual Studio Version 16
VisualStudioVersion = 16.0.31005.135
MinimumVisualStudioVersion = 10.0.40219.1
Project("{9A19103F-16F7-4668-BE54-9A1E7A4F7556}") = "CaptchaCore", "CaptchaCore\CaptchaCore.csproj", "{B5150105-A85C-4369-A5A9-1B044CF44CA8}"
EndProject
Project("{FAE04EC0-301F-11D3-BF4B-00C04F79EFBC}") = "CaptchaCore.UnitTests", "CaptchaCore.UnitTests\CaptchaCore.UnitTests.csproj", "{FFCEC533-5198-42A7-8DE3-E97D029537C7}"
EndProject
Global
	GlobalSection(SolutionConfigurationPlatforms) = preSolution
		Debug|Any CPU = Debug|Any CPU
		Release|Any CPU = Release|Any CPU
	EndGlobalSection
	GlobalSection(ProjectConfigurationPlatforms) = postSolution
		{B5150105-A85C-4369-A5A9-1B044CF44CA8}.Debug|Any CPU.ActiveCfg = Debug|Any CPU
		{B5150105-A85C-4369-A5A9-1B044CF44CA8}.Debug|Any CPU.Build.0 = Debug|Any CPU
		{B5150105-A85C-4369-A5A9-1B044CF44CA8}.Release|Any CPU.ActiveCfg = Release|Any CPU
		{B5150105-A85C-4369-A5A9-1B044CF44CA8}.Release|Any CPU.Build.0 = Release|Any CPU
		{FFCEC533-5198-42A7-8DE3-E97D029537C7}.Debug|Any CPU.ActiveCfg = Debug|Any CPU
		{FFCEC533-5198-42A7-8DE3-E97D029537C7}.Debug|Any CPU.Build.0 = Debug|Any CPU
		{FFCEC533-5198-42A7-8DE3-E97D029537C7}.Release|Any CPU.ActiveCfg = Release|Any CPU
		{FFCEC533-5198-42A7-8DE3-E97D029537C7}.Release|Any CPU.Build.0 = Release|Any CPU
	EndGlobalSection
	GlobalSection(SolutionProperties) = preSolution
		HideSolutionNode = FALSE
	EndGlobalSection
	GlobalSection(ExtensibilityGlobals) = postSolution
		SolutionGuid = {F172E21E-379C-4BC8-9155-2F7118890372}
	EndGlobalSection
EndGlobal
